<Solution>
  <Folder Name="/src/">
    <Project Path="src/MobileNetV3.Core/MobileNetV3.Core.csproj" />
    <Project Path="src/MobileNetV3.Tests/MobileNetV3.Tests.csproj" />
    <Project Path="src/MobileNetV3.Training/MobileNetV3.Training.csproj" />
    <Project Path="src/MobileNetV3.UI/MobileNetV3.UI.csproj" />
  </Folder>
</Solution>
